// !$*UTF8*$!
{
	archiveVersion = 1;
	classes = {
	};
	objectVersion = 56;
	objects = {

/* Begin PBXBuildFile section */
		FB78D0982AE0927600071B1C /* Dashboard.swift in Sources */ = {isa = PBXBuildFile; fileRef = FB78D0972AE0927600071B1C /* Dashboard.swift */; };
		FB979A432AE077550066DC32 /* API.swift in Sources */ = {isa = PBXBuildFile; fileRef = FB979A422AE077550066DC32 /* API.swift */; };
		FB979A452AE1A7800066DC32 /* DetallesReciboView.swift in Sources */ = {isa = PBXBuildFile; fileRef = FB979A442AE1A7800066DC32 /* DetallesReciboView.swift */; };
		FB979A472AE2F3810066DC32 /* EmptyDashView.swift in Sources */ = {isa = PBXBuildFile; fileRef = FB979A462AE2F3810066DC32 /* EmptyDashView.swift */; };
		FBC840FB2AE0B8820018FC42 /* Cards.swift in Sources */ = {isa = PBXBuildFile; fileRef = FBC840FA2AE0B8820018FC42 /* Cards.swift */; };
		FBD2A08F2ADEFECE00EF337C /* Caritas_MonterreyApp.swift in Sources */ = {isa = PBXBuildFile; fileRef = FBD2A08E2ADEFECE00EF337C /* Caritas_MonterreyApp.swift */; };
		FBD2A0912ADEFECE00EF337C /* ContentView.swift in Sources */ = {isa = PBXBuildFile; fileRef = FBD2A0902ADEFECE00EF337C /* ContentView.swift */; };
		FBD2A0932ADEFECF00EF337C /* Assets.xcassets in Resources */ = {isa = PBXBuildFile; fileRef = FBD2A0922ADEFECF00EF337C /* Assets.xcassets */; };
		FBD2A0962ADEFECF00EF337C /* Preview Assets.xcassets in Resources */ = {isa = PBXBuildFile; fileRef = FBD2A0952ADEFECF00EF337C /* Preview Assets.xcassets */; };
/* End PBXBuildFile section */

/* Begin PBXFileReference section */
		FB78D0972AE0927600071B1C /* Dashboard.swift */ = {isa = PBXFileReference; lastKnownFileType = sourcecode.swift; path = Dashboard.swift; sourceTree = "<group>"; };
		FB979A422AE077550066DC32 /* API.swift */ = {isa = PBXFileReference; lastKnownFileType = sourcecode.swift; path = API.swift; sourceTree = "<group>"; };
		FB979A442AE1A7800066DC32 /* DetallesReciboView.swift */ = {isa = PBXFileReference; lastKnownFileType = sourcecode.swift; path = DetallesReciboView.swift; sourceTree = "<group>"; };
		FB979A462AE2F3810066DC32 /* EmptyDashView.swift */ = {isa = PBXFileReference; lastKnownFileType = sourcecode.swift; path = EmptyDashView.swift; sourceTree = "<group>"; };
		FBC840FA2AE0B8820018FC42 /* Cards.swift */ = {isa = PBXFileReference; lastKnownFileType = sourcecode.swift; path = Cards.swift; sourceTree = "<group>"; };
		FBD2A08B2ADEFECE00EF337C /* Caritas_Monterrey.app */ = {isa = PBXFileReference; explicitFileType = wrapper.application; includeInIndex = 0; path = Caritas_Monterrey.app; sourceTree = BUILT_PRODUCTS_DIR; };
		FBD2A08E2ADEFECE00EF337C /* Caritas_MonterreyApp.swift */ = {isa = PBXFileReference; lastKnownFileType = sourcecode.swift; path = Caritas_MonterreyApp.swift; sourceTree = "<group>"; };
		FBD2A0902ADEFECE00EF337C /* ContentView.swift */ = {isa = PBXFileReference; lastKnownFileType = sourcecode.swift; path = ContentView.swift; sourceTree = "<group>"; };
		FBD2A0922ADEFECF00EF337C /* Assets.xcassets */ = {isa = PBXFileReference; lastKnownFileType = folder.assetcatalog; path = Assets.xcassets; sourceTree = "<group>"; };
		FBD2A0952ADEFECF00EF337C /* Preview Assets.xcassets */ = {isa = PBXFileReference; lastKnownFileType = folder.assetcatalog; path = "Preview Assets.xcassets"; sourceTree = "<group>"; };
/* End PBXFileReference section */

/* Begin PBXFrameworksBuildPhase section */
		FBD2A0882ADEFECE00EF337C /* Frameworks */ = {
			isa = PBXFrameworksBuildPhase;
			buildActionMask = 2147483647;
			files = (
			);
			runOnlyForDeploymentPostprocessing = 0;
		};
/* End PBXFrameworksBuildPhase section */

/* Begin PBXGroup section */
		FBC840F62AE0B7030018FC42 /* Views */ = {
			isa = PBXGroup;
			children = (
				FBD2A0902ADEFECE00EF337C /* ContentView.swift */,
				FB78D0972AE0927600071B1C /* Dashboard.swift */,
				FBC840FA2AE0B8820018FC42 /* Cards.swift */,
				FB979A442AE1A7800066DC32 /* DetallesReciboView.swift */,
				FB979A462AE2F3810066DC32 /* EmptyDashView.swift */,
			);
			path = Views;
			sourceTree = "<group>";
		};
		FBC840F72AE0B72F0018FC42 /* Model */ = {
			isa = PBXGroup;
			children = (
				FB979A422AE077550066DC32 /* API.swift */,
			);
			path = Model;
			sourceTree = "<group>";
		};
		FBD2A0822ADEFECE00EF337C = {
			isa = PBXGroup;
			children = (
				FBD2A08D2ADEFECE00EF337C /* Caritas_Monterrey */,
				FBD2A08C2ADEFECE00EF337C /* Products */,
			);
			sourceTree = "<group>";
		};
		FBD2A08C2ADEFECE00EF337C /* Products */ = {
			isa = PBXGroup;
			children = (
				FBD2A08B2ADEFECE00EF337C /* Caritas_Monterrey.app */,
			);
			name = Products;
			sourceTree = "<group>";
		};
		FBD2A08D2ADEFECE00EF337C /* Caritas_Monterrey */ = {
			isa = PBXGroup;
			children = (
				FBC840F72AE0B72F0018FC42 /* Model */,
				FBC840F62AE0B7030018FC42 /* Views */,
				FBD2A08E2ADEFECE00EF337C /* Caritas_MonterreyApp.swift */,
				FBD2A0922ADEFECF00EF337C /* Assets.xcassets */,
				FBD2A0942ADEFECF00EF337C /* Preview Content */,
			);
			path = Caritas_Monterrey;
			sourceTree = "<group>";
		};
		FBD2A0942ADEFECF00EF337C /* Preview Content */ = {
			isa = PBXGroup;
			children = (
				FBD2A0952ADEFECF00EF337C /* Preview Assets.xcassets */,
			);
			path = "Preview Content";
			sourceTree = "<group>";
		};
/* End PBXGroup section */

/* Begin PBXNativeTarget section */
		FBD2A08A2ADEFECE00EF337C /* Caritas_Monterrey */ = {
			isa = PBXNativeTarget;
			buildConfigurationList = FBD2A0992ADEFECF00EF337C /* Build configuration list for PBXNativeTarget "Caritas_Monterrey" */;
			buildPhases = (
				FBD2A0872ADEFECE00EF337C /* Sources */,
				FBD2A0882ADEFECE00EF337C /* Frameworks */,
				FBD2A0892ADEFECE00EF337C /* Resources */,
			);
			buildRules = (
			);
			dependencies = (
			);
			name = Caritas_Monterrey;
			productName = Caritas_Monterrey;
			productReference = FBD2A08B2ADEFECE00EF337C /* Caritas_Monterrey.app */;
			productType = "com.apple.product-type.application";
		};
/* End PBXNativeTarget section */

/* Begin PBXProject section */
		FBD2A0832ADEFECE00EF337C /* Project object */ = {
			isa = PBXProject;
			attributes = {
				BuildIndependentTargetsInParallel = 1;
				LastSwiftUpdateCheck = 1430;
				LastUpgradeCheck = 1430;
				TargetAttributes = {
					FBD2A08A2ADEFECE00EF337C = {
						CreatedOnToolsVersion = 14.3.1;
					};
				};
			};
			buildConfigurationList = FBD2A0862ADEFECE00EF337C /* Build configuration list for PBXProject "Caritas_Monterrey" */;
			compatibilityVersion = "Xcode 14.0";
			developmentRegion = en;
			hasScannedForEncodings = 0;
			knownRegions = (
				en,
				Base,
			);
			mainGroup = FBD2A0822ADEFECE00EF337C;
			productRefGroup = FBD2A08C2ADEFECE00EF337C /* Products */;
			projectDirPath = "";
			projectRoot = "";
			targets = (
				FBD2A08A2ADEFECE00EF337C /* Caritas_Monterrey */,
			);
		};
/* End PBXProject section */

/* Begin PBXResourcesBuildPhase section */
		FBD2A0892ADEFECE00EF337C /* Resources */ = {
			isa = PBXResourcesBuildPhase;
			buildActionMask = 2147483647;
			files = (
				FBD2A0962ADEFECF00EF337C /* Preview Assets.xcassets in Resources */,
				FBD2A0932ADEFECF00EF337C /* Assets.xcassets in Resources */,
			);
			runOnlyForDeploymentPostprocessing = 0;
		};
/* End PBXResourcesBuildPhase section */

/* Begin PBXSourcesBuildPhase section */
		FBD2A0872ADEFECE00EF337C /* Sources */ = {
			isa = PBXSourcesBuildPhase;
			buildActionMask = 2147483647;
			files = (
				FB979A452AE1A7800066DC32 /* DetallesReciboView.swift in Sources */,
				FB979A472AE2F3810066DC32 /* EmptyDashView.swift in Sources */,
				FBD2A0912ADEFECE00EF337C /* ContentView.swift in Sources */,
				FB979A432AE077550066DC32 /* API.swift in Sources */,
				FBC840FB2AE0B8820018FC42 /* Cards.swift in Sources */,
				FB78D0982AE0927600071B1C /* Dashboard.swift in Sources */,
				FBD2A08F2ADEFECE00EF337C /* Caritas_MonterreyApp.swift in Sources */,
			);
			runOnlyForDeploymentPostprocessing = 0;
		};
/* End PBXSourcesBuildPhase section */

/* Begin XCBuildConfiguration section */
		FBD2A0972ADEFECF00EF337C /* Debug */ = {
			isa = XCBuildConfiguration;
			buildSettings = {
				ALWAYS_SEARCH_USER_PATHS = NO;
				CLANG_ANALYZER_NONNULL = YES;
				CLANG_ANALYZER_NUMBER_OBJECT_CONVERSION = YES_AGGRESSIVE;
				CLANG_CXX_LANGUAGE_STANDARD = "gnu++20";
				CLANG_ENABLE_MODULES = YES;
				CLANG_ENABLE_OBJC_ARC = YES;
				CLANG_ENABLE_OBJC_WEAK = YES;
				CLANG_WARN_BLOCK_CAPTURE_AUTORELEASING = YES;
				CLANG_WARN_BOOL_CONVERSION = YES;
				CLANG_WARN_COMMA = YES;
				CLANG_WARN_CONSTANT_CONVERSION = YES;
				CLANG_WARN_DEPRECATED_OBJC_IMPLEMENTATIONS = YES;
				CLANG_WARN_DIRECT_OBJC_ISA_USAGE = YES_ERROR;
				CLANG_WARN_DOCUMENTATION_COMMENTS = YES;
				CLANG_WARN_EMPTY_BODY = YES;
				CLANG_WARN_ENUM_CONVERSION = YES;
				CLANG_WARN_INFINITE_RECURSION = YES;
				CLANG_WARN_INT_CONVERSION = YES;
				CLANG_WARN_NON_LITERAL_NULL_CONVERSION = YES;
				CLANG_WARN_OBJC_IMPLICIT_RETAIN_SELF = YES;
				CLANG_WARN_OBJC_LITERAL_CONVERSION = YES;
				CLANG_WARN_OBJC_ROOT_CLASS = YES_ERROR;
				CLANG_WARN_QUOTED_INCLUDE_IN_FRAMEWORK_HEADER = YES;
				CLANG_WARN_RANGE_LOOP_ANALYSIS = YES;
				CLANG_WARN_STRICT_PROTOTYPES = YES;
				CLANG_WARN_SUSPICIOUS_MOVE = YES;
				CLANG_WARN_UNGUARDED_AVAILABILITY = YES_AGGRESSIVE;
				CLANG_WARN_UNREACHABLE_CODE = YES;
				CLANG_WARN__DUPLICATE_METHOD_MATCH = YES;
				COPY_PHASE_STRIP = NO;
				DEBUG_INFORMATION_FORMAT = dwarf;
				ENABLE_STRICT_OBJC_MSGSEND = YES;
				ENABLE_TESTABILITY = YES;
				GCC_C_LANGUAGE_STANDARD = gnu11;
				GCC_DYNAMIC_NO_PIC = NO;
				GCC_NO_COMMON_BLOCKS = YES;
				GCC_OPTIMIZATION_LEVEL = 0;
				GCC_PREPROCESSOR_DEFINITIONS = (
					"DEBUG=1",
					"$(inherited)",
				);
				GCC_WARN_64_TO_32_BIT_CONVERSION = YES;
				GCC_WARN_ABOUT_RETURN_TYPE = YES_ERROR;
				GCC_WARN_UNDECLARED_SELECTOR = YES;
				GCC_WARN_UNINITIALIZED_AUTOS = YES_AGGRESSIVE;
				GCC_WARN_UNUSED_FUNCTION = YES;
				GCC_WARN_UNUSED_VARIABLE = YES;
				IPHONEOS_DEPLOYMENT_TARGET = 16.4;
				MTL_ENABLE_DEBUG_INFO = INCLUDE_SOURCE;
				MTL_FAST_MATH = YES;
				ONLY_ACTIVE_ARCH = YES;
				SDKROOT = iphoneos;
				SWIFT_ACTIVE_COMPILATION_CONDITIONS = DEBUG;
				SWIFT_OPTIMIZATION_LEVEL = "-Onone";
			};
			name = Debug;
		};
		FBD2A0982ADEFECF00EF337C /* Release */ = {
			isa = XCBuildConfiguration;
			buildSettings = {
				ALWAYS_SEARCH_USER_PATHS = NO;
				CLANG_ANALYZER_NONNULL = YES;
				CLANG_ANALYZER_NUMBER_OBJECT_CONVERSION = YES_AGGRESSIVE;
				CLANG_CXX_LANGUAGE_STANDARD = "gnu++20";
				CLANG_ENABLE_MODULES = YES;
				CLANG_ENABLE_OBJC_ARC = YES;
				CLANG_ENABLE_OBJC_WEAK = YES;
				CLANG_WARN_BLOCK_CAPTURE_AUTORELEASING = YES;
				CLANG_WARN_BOOL_CONVERSION = YES;
				CLANG_WARN_COMMA = YES;
				CLANG_WARN_CONSTANT_CONVERSION = YES;
				CLANG_WARN_DEPRECATED_OBJC_IMPLEMENTATIONS = YES;
				CLANG_WARN_DIRECT_OBJC_ISA_USAGE = YES_ERROR;
				CLANG_WARN_DOCUMENTATION_COMMENTS = YES;
				CLANG_WARN_EMPTY_BODY = YES;
				CLANG_WARN_ENUM_CONVERSION = YES;
				CLANG_WARN_INFINITE_RECURSION = YES;
				CLANG_WARN_INT_CONVERSION = YES;
				CLANG_WARN_NON_LITERAL_NULL_CONVERSION = YES;
				CLANG_WARN_OBJC_IMPLICIT_RETAIN_SELF = YES;
				CLANG_WARN_OBJC_LITERAL_CONVERSION = YES;
				CLANG_WARN_OBJC_ROOT_CLASS = YES_ERROR;
				CLANG_WARN_QUOTED_INCLUDE_IN_FRAMEWORK_HEADER = YES;
				CLANG_WARN_RANGE_LOOP_ANALYSIS = YES;
				CLANG_WARN_STRICT_PROTOTYPES = YES;
				CLANG_WARN_SUSPICIOUS_MOVE = YES;
				CLANG_WARN_UNGUARDED_AVAILABILITY = YES_AGGRESSIVE;
				CLANG_WARN_UNREACHABLE_CODE = YES;
				CLANG_WARN__DUPLICATE_METHOD_MATCH = YES;
				COPY_PHASE_STRIP = NO;
				DEBUG_INFORMATION_FORMAT = "dwarf-with-dsym";
				ENABLE_NS_ASSERTIONS = NO;
				ENABLE_STRICT_OBJC_MSGSEND = YES;
				GCC_C_LANGUAGE_STANDARD = gnu11;
				GCC_NO_COMMON_BLOCKS = YES;
				GCC_WARN_64_TO_32_BIT_CONVERSION = YES;
				GCC_WARN_ABOUT_RETURN_TYPE = YES_ERROR;
				GCC_WARN_UNDECLARED_SELECTOR = YES;
				GCC_WARN_UNINITIALIZED_AUTOS = YES_AGGRESSIVE;
				GCC_WARN_UNUSED_FUNCTION = YES;
				GCC_WARN_UNUSED_VARIABLE = YES;
				IPHONEOS_DEPLOYMENT_TARGET = 16.4;
				MTL_ENABLE_DEBUG_INFO = NO;
				MTL_FAST_MATH = YES;
				SDKROOT = iphoneos;
				SWIFT_COMPILATION_MODE = wholemodule;
				SWIFT_OPTIMIZATION_LEVEL = "-O";
				VALIDATE_PRODUCT = YES;
			};
			name = Release;
		};
		FBD2A09A2ADEFECF00EF337C /* Debug */ = {
			isa = XCBuildConfiguration;
			buildSettings = {
				ASSETCATALOG_COMPILER_APPICON_NAME = AppIcon;
				ASSETCATALOG_COMPILER_GLOBAL_ACCENT_COLOR_NAME = AccentColor;
				CODE_SIGN_STYLE = Automatic;
				CURRENT_PROJECT_VERSION = 1;
				DEVELOPMENT_ASSET_PATHS = "\"Caritas_Monterrey/Preview Content\"";
				DEVELOPMENT_TEAM = R38FXY37J9;
				ENABLE_PREVIEWS = YES;
				GENERATE_INFOPLIST_FILE = YES;
				INFOPLIST_KEY_UIApplicationSceneManifest_Generation = YES;
				INFOPLIST_KEY_UIApplicationSupportsIndirectInputEvents = YES;
				INFOPLIST_KEY_UILaunchScreen_Generation = YES;
				INFOPLIST_KEY_UISupportedInterfaceOrientations = UIInterfaceOrientationPortrait;
				INFOPLIST_KEY_UISupportedInterfaceOrientations_iPad = "UIInterfaceOrientationLandscapeLeft UIInterfaceOrientationLandscapeRight UIInterfaceOrientationPortrait UIInterfaceOrientationPortraitUpsideDown";
				LD_RUNPATH_SEARCH_PATHS = (
					"$(inherited)",
					"@executable_path/Frameworks",
				);
				MARKETING_VERSION = 1.0;
				PRODUCT_BUNDLE_IDENTIFIER = "mx.tec.Caritas-Monterrey";
				PRODUCT_NAME = "$(TARGET_NAME)";
				SWIFT_EMIT_LOC_STRINGS = YES;
				SWIFT_VERSION = 5.0;
				TARGETED_DEVICE_FAMILY = "1,2";
			};
			name = Debug;
		};
		FBD2A09B2ADEFECF00EF337C /* Release */ = {
			isa = XCBuildConfiguration;
			buildSettings = {
				ASSETCATALOG_COMPILER_APPICON_NAME = AppIcon;
				ASSETCATALOG_COMPILER_GLOBAL_ACCENT_COLOR_NAME = AccentColor;
				CODE_SIGN_STYLE = Automatic;
				CURRENT_PROJECT_VERSION = 1;
				DEVELOPMENT_ASSET_PATHS = "\"Caritas_Monterrey/Preview Content\"";
				DEVELOPMENT_TEAM = R38FXY37J9;
				ENABLE_PREVIEWS = YES;
				GENERATE_INFOPLIST_FILE = YES;
				INFOPLIST_KEY_UIApplicationSceneManifest_Generation = YES;
				INFOPLIST_KEY_UIApplicationSupportsIndirectInputEvents = YES;
				INFOPLIST_KEY_UILaunchScreen_Generation = YES;
				INFOPLIST_KEY_UISupportedInterfaceOrientations = UIInterfaceOrientationPortrait;
				INFOPLIST_KEY_UISupportedInterfaceOrientations_iPad = "UIInterfaceOrientationLandscapeLeft UIInterfaceOrientationLandscapeRight UIInterfaceOrientationPortrait UIInterfaceOrientationPortraitUpsideDown";
				LD_RUNPATH_SEARCH_PATHS = (
					"$(inherited)",
					"@executable_path/Frameworks",
				);
				MARKETING_VERSION = 1.0;
				PRODUCT_BUNDLE_IDENTIFIER = "mx.tec.Caritas-Monterrey";
				PRODUCT_NAME = "$(TARGET_NAME)";
				SWIFT_EMIT_LOC_STRINGS = YES;
				SWIFT_VERSION = 5.0;
				TARGETED_DEVICE_FAMILY = "1,2";
			};
			name = Release;
		};
/* End XCBuildConfiguration section */

/* Begin XCConfigurationList section */
		FBD2A0862ADEFECE00EF337C /* Build configuration list for PBXProject "Caritas_Monterrey" */ = {
			isa = XCConfigurationList;
			buildConfigurations = (
				FBD2A0972ADEFECF00EF337C /* Debug */,
				FBD2A0982ADEFECF00EF337C /* Release */,
			);
			defaultConfigurationIsVisible = 0;
			defaultConfigurationName = Release;
		};
		FBD2A0992ADEFECF00EF337C /* Build configuration list for PBXNativeTarget "Caritas_Monterrey" */ = {
			isa = XCConfigurationList;
			buildConfigurations = (
				FBD2A09A2ADEFECF00EF337C /* Debug */,
				FBD2A09B2ADEFECF00EF337C /* Release */,
			);
			defaultConfigurationIsVisible = 0;
			defaultConfigurationName = Release;
		};
/* End XCConfigurationList section */
	};
	rootObject = FBD2A0832ADEFECE00EF337C /* Project object */;
}
